
Microsoft Visual Studio Solution File, Format Version 12.00
# Visual Studio Version 17
VisualStudioVersion = 17.5.33627.172
MinimumVisualStudioVersion = 10.0.40219.1
Project("{9A19103F-16F7-4668-BE54-9A1E7A4F7556}") = "AreaCalculator", "AreaCalculator\AreaCalculator.csproj", "{FE8041B2-81A4-4096-BFD4-6D5726DAC853}"
EndProject
Project("{9A19103F-16F7-4668-BE54-9A1E7A4F7556}") = "AreaCalculator.Test", "AreaCalculator.Test\AreaCalculator.Test.csproj", "{5DCB392C-AA5B-454B-8725-AB0A7A51D969}"
EndProject
Global
	GlobalSection(SolutionConfigurationPlatforms) = preSolution
		Debug|Any CPU = Debug|Any CPU
		Release|Any CPU = Release|Any CPU
	EndGlobalSection
	GlobalSection(ProjectConfigurationPlatforms) = postSolution
		{FE8041B2-81A4-4096-BFD4-6D5726DAC853}.Debug|Any CPU.ActiveCfg = Debug|Any CPU
		{FE8041B2-81A4-4096-BFD4-6D5726DAC853}.Debug|Any CPU.Build.0 = Debug|Any CPU
		{FE8041B2-81A4-4096-BFD4-6D5726DAC853}.Release|Any CPU.ActiveCfg = Release|Any CPU
		{FE8041B2-81A4-4096-BFD4-6D5726DAC853}.Release|Any CPU.Build.0 = Release|Any CPU
		{5DCB392C-AA5B-454B-8725-AB0A7A51D969}.Debug|Any CPU.ActiveCfg = Debug|Any CPU
		{5DCB392C-AA5B-454B-8725-AB0A7A51D969}.Debug|Any CPU.Build.0 = Debug|Any CPU
		{5DCB392C-AA5B-454B-8725-AB0A7A51D969}.Release|Any CPU.ActiveCfg = Release|Any CPU
		{5DCB392C-AA5B-454B-8725-AB0A7A51D969}.Release|Any CPU.Build.0 = Release|Any CPU
	EndGlobalSection
	GlobalSection(SolutionProperties) = preSolution
		HideSolutionNode = FALSE
	EndGlobalSection
	GlobalSection(ExtensibilityGlobals) = postSolution
		SolutionGuid = {1DC3C15F-5871-4F53-847F-3800D4F89173}
	EndGlobalSection
EndGlobal
